{
  "name": "msgraph-helper",
  "version": "0.3.1",
  "lockfileVersion": 1,
  "requires": true,
  "dependencies": {
    "@microsoft/microsoft-graph-client": {
      "version": "1.3.0",
      "resolved": "https://registry.npmjs.org/@microsoft/microsoft-graph-client/-/microsoft-graph-client-1.3.0.tgz",
      "integrity": "sha512-LUIZdr8LWKwUAJuV7GKSaexQBfXObqwe4EkQUVg9u9u3X0YZZnWROIE8/EsiuA7882fn73oROra6ilBuipMLiw==",
      "requires": {
        "es6-promise": "4.2.5",
        "isomorphic-fetch": "2.2.1"
      }
    },
    "@microsoft/sp-core-library": {
      "version": "1.7.0",
      "resolved": "https://registry.npmjs.org/@microsoft/sp-core-library/-/sp-core-library-1.7.0.tgz",
      "integrity": "sha512-YGnJSBCSyZGzHiJuKNWQxgePR9HUuUiyA+l9ohWHpS1ryuuiaM+M6AiEVB8zKoJPGw4Cd684VmQlT8vFzGBrLg==",
      "requires": {
        "@microsoft/sp-lodash-subset": "1.7.0",
        "@microsoft/sp-module-interfaces": "1.7.0",
        "@types/es6-promise": "0.0.33",
        "@types/webpack-env": "1.13.1"
      }
    },
    "@microsoft/sp-diagnostics": {
      "version": "1.7.0",
      "resolved": "https://registry.npmjs.org/@microsoft/sp-diagnostics/-/sp-diagnostics-1.7.0.tgz",
      "integrity": "sha512-5PwxlOtKwknNvw0Uko3AUQ8w+kqJZCAUwkLpBXIbQ5DMpZ/Vuq7zXpQzjWslV/IJBfYWzrDTxxp7tXFNNuZjFw==",
      "requires": {
        "@microsoft/sp-core-library": "1.7.0",
        "@microsoft/sp-lodash-subset": "1.7.0"
      }
    },
    "@microsoft/sp-http": {
      "version": "1.7.0",
      "resolved": "https://registry.npmjs.org/@microsoft/sp-http/-/sp-http-1.7.0.tgz",
      "integrity": "sha512-5Xj8v8Ffb8Irmk7wD/Qg2WKcg63Wudxm76YEp7QgEa+VRi3BYQ8omqu+DmzTh1enSWX+aUZoeEAo6oJnJHsDPw==",
      "requires": {
        "@microsoft/microsoft-graph-client": "1.1.0",
        "@microsoft/sp-core-library": "1.7.0",
        "@microsoft/sp-diagnostics": "1.7.0",
        "@types/adal-angular": "1.0.1",
        "adal-angular": "1.0.16",
        "tslib": "1.8.1"
      },
      "dependencies": {
        "@microsoft/microsoft-graph-client": {
          "version": "1.1.0",
          "resolved": "https://registry.npmjs.org/@microsoft/microsoft-graph-client/-/microsoft-graph-client-1.1.0.tgz",
          "integrity": "sha512-sDgchKZz1l3QJVNdkE1P1KpwTjupNt1mS9h1T0CiP+ayMN7IeFKfElB8IYtxFplNalZTmEq+iqoQFqUVpVMLfQ==",
          "requires": {
            "es6-promise": "4.2.5",
            "isomorphic-fetch": "2.2.1"
          }
        }
      }
    },
    "@microsoft/sp-lodash-subset": {
      "version": "1.7.0",
      "resolved": "https://registry.npmjs.org/@microsoft/sp-lodash-subset/-/sp-lodash-subset-1.7.0.tgz",
      "integrity": "sha512-d06dMnM/8c2d/iP+VMxCHuVq3Lqv9z23VpNlzrpyXb+LFlrrbGIzvbdHjpbqxssrbgxAq+3iLGsWrU4JmbyrtQ==",
      "requires": {
        "@types/lodash": "4.14.74",
        "@types/webpack-env": "1.13.1",
        "tslib": "1.8.1"
      }
    },
    "@microsoft/sp-module-interfaces": {
      "version": "1.7.0",
      "resolved": "https://registry.npmjs.org/@microsoft/sp-module-interfaces/-/sp-module-interfaces-1.7.0.tgz",
      "integrity": "sha512-NdaybXD6s7OM582L7bKDwF5VLZAbUSpEgoSpzgQUEJRMClt7/8v2LEwQA7bx+/K0YgVcV6REataSXhoIAy/cDA==",
      "requires": {
        "@types/node": "8.5.8",
        "@types/z-schema": "3.16.31",
        "z-schema": "3.18.4"
      }
    },
    "@types/adal-angular": {
      "version": "1.0.1",
      "resolved": "http://registry.npmjs.org/@types/adal-angular/-/adal-angular-1.0.1.tgz",
      "integrity": "sha512-2sRGxJYrluhvIz8ae98i5k5woe9Fics4dMFHTcNfY2xAkj5QGZor+sfZzlgM58Fpw7Kklau9Gn6OhgJP25dKug=="
    },
    "@types/es6-promise": {
      "version": "0.0.33",
      "resolved": "https://registry.npmjs.org/@types/es6-promise/-/es6-promise-0.0.33.tgz",
      "integrity": "sha512-HKJFVLCGrWQ/1unEw8JdaTxu6n3EUxmwTxJ6D0O1x0gD8joCsgoTWxEgevb7fp2XIogNjof3KEd+3bJoGne/nw=="
    },
    "@types/lodash": {
      "version": "4.14.74",
      "resolved": "https://registry.npmjs.org/@types/lodash/-/lodash-4.14.74.tgz",
      "integrity": "sha512-BZknw3E/z3JmCLqQVANcR17okqVTPZdlxvcIz0fJiJVLUCbSH1hK3zs9r634PVSmrzAxN+n/fxlVRiYoArdOIQ=="
    },
    "@types/microsoft-ajax": {
      "version": "0.0.33",
      "resolved": "https://registry.npmjs.org/@types/microsoft-ajax/-/microsoft-ajax-0.0.33.tgz",
      "integrity": "sha512-R31YIw2FUZsx62yzH1LX9+SV0xCxRn+r6FpYhaEKHAms+3zozMYZZvsJO+I3za+wlE/z03PrePGgCO1rxv7dUg==",
      "dev": true
    },
    "@types/node": {
      "version": "8.5.8",
      "resolved": "https://registry.npmjs.org/@types/node/-/node-8.5.8.tgz",
      "integrity": "sha512-8KmlRxwbKZfjUHFIt3q8TF5S2B+/E5BaAoo/3mgc5h6FJzqxXkCK/VMetO+IRDtwtU6HUvovHMBn+XRj7SV9Qg=="
    },
    "@types/sharepoint": {
      "version": "2016.1.2",
      "resolved": "https://registry.npmjs.org/@types/sharepoint/-/sharepoint-2016.1.2.tgz",
      "integrity": "sha512-bGpRxTZ5Cu7f4iYtmqADY2Z8i3OmPlct0wzx/EMPJ2E0m8xfA+XkFiXrjbC3hZQQn7N1aA7a7llnJl+zOc9qwQ==",
      "dev": true,
      "requires": {
        "@types/microsoft-ajax": "0.0.33"
      }
    },
    "@types/webpack-env": {
      "version": "1.13.1",
      "resolved": "https://registry.npmjs.org/@types/webpack-env/-/webpack-env-1.13.1.tgz",
      "integrity": "sha512-oHyg0NssP2RCpCvE35hhbSqMJRsc5lSW+GFe+Vc65JL+kHII1VMYM+0KeV/z4utFuUqPoQRmq8KMMp7ba0dj6Q=="
    },
    "@types/z-schema": {
      "version": "3.16.31",
      "resolved": "https://registry.npmjs.org/@types/z-schema/-/z-schema-3.16.31.tgz",
      "integrity": "sha1-LrHQCl5Ow/pYx2r94S4YK2bcXBw="
    },
    "adal-angular": {
      "version": "1.0.16",
      "resolved": "https://registry.npmjs.org/adal-angular/-/adal-angular-1.0.16.tgz",
      "integrity": "sha1-4rwxvHEqr/ugU6pN1GvITrXSCQ8="
    },
    "commander": {
      "version": "2.19.0",
      "resolved": "https://registry.npmjs.org/commander/-/commander-2.19.0.tgz",
      "integrity": "sha512-6tvAOO+D6OENvRAh524Dh9jcfKTYDQAqvqezbCW82xj5X0pSrcpxtvRKHLG0yBY6SD7PSDrJaj+0AiOcKVd1Xg==",
      "optional": true
    },
    "encoding": {
      "version": "0.1.12",
      "resolved": "https://registry.npmjs.org/encoding/-/encoding-0.1.12.tgz",
      "integrity": "sha1-U4tm8+5izRq1HsMjgp0flIDHS+s=",
      "requires": {
        "iconv-lite": "0.4.24"
      }
    },
    "es6-promise": {
      "version": "4.2.5",
      "resolved": "https://registry.npmjs.org/es6-promise/-/es6-promise-4.2.5.tgz",
      "integrity": "sha512-n6wvpdE43VFtJq+lUDYDBFUwV8TZbuGXLV4D6wKafg13ldznKsyEvatubnmUe31zcvelSzOHF+XbaT+Bl9ObDg=="
    },
    "iconv-lite": {
      "version": "0.4.24",
      "resolved": "https://registry.npmjs.org/iconv-lite/-/iconv-lite-0.4.24.tgz",
      "integrity": "sha512-v3MXnZAcvnywkTUEZomIActle7RXXeedOR31wwl7VlyoXO4Qi9arvSenNQWne1TcRwhCL1HwLI21bEqdpj8/rA==",
      "requires": {
        "safer-buffer": "2.1.2"
      }
    },
    "is-stream": {
      "version": "1.1.0",
      "resolved": "https://registry.npmjs.org/is-stream/-/is-stream-1.1.0.tgz",
      "integrity": "sha1-EtSj3U5o4Lec6428hBc66A2RykQ="
    },
    "isomorphic-fetch": {
      "version": "2.2.1",
      "resolved": "https://registry.npmjs.org/isomorphic-fetch/-/isomorphic-fetch-2.2.1.tgz",
      "integrity": "sha1-YRrhrPFPXoH3KVB0coGf6XM1WKk=",
      "requires": {
        "node-fetch": "1.7.3",
        "whatwg-fetch": "3.0.0"
      }
    },
    "lodash.get": {
      "version": "4.4.2",
      "resolved": "https://registry.npmjs.org/lodash.get/-/lodash.get-4.4.2.tgz",
      "integrity": "sha1-LRd/ZS+jHpObRDjVNBSZ36OCXpk="
    },
    "lodash.isequal": {
      "version": "4.5.0",
      "resolved": "https://registry.npmjs.org/lodash.isequal/-/lodash.isequal-4.5.0.tgz",
      "integrity": "sha1-QVxEePK8wwEgwizhDtMib30+GOA="
    },
    "node-fetch": {
      "version": "1.7.3",
      "resolved": "https://registry.npmjs.org/node-fetch/-/node-fetch-1.7.3.tgz",
      "integrity": "sha512-NhZ4CsKx7cYm2vSrBAr2PvFOe6sWDf0UYLRqA6svUYg7+/TSfVAu49jYC4BvQ4Sms9SZgdqGBgroqfDhJdTyKQ==",
      "requires": {
        "encoding": "0.1.12",
        "is-stream": "1.1.0"
      }
    },
    "safer-buffer": {
      "version": "2.1.2",
      "resolved": "https://registry.npmjs.org/safer-buffer/-/safer-buffer-2.1.2.tgz",
      "integrity": "sha512-YZo3K82SD7Riyi0E1EQPojLz7kpepnSQI9IyPbHHg1XXXevb5dJI7tpyN2ADxGcQbHG7vcyRHk0cbwqcQriUtg=="
    },
    "tslib": {
      "version": "1.8.1",
      "resolved": "https://registry.npmjs.org/tslib/-/tslib-1.8.1.tgz",
      "integrity": "sha1-aUavLR1lGnsYY7Ux1uWvpBqkTqw="
    },
    "validator": {
      "version": "8.2.0",
      "resolved": "https://registry.npmjs.org/validator/-/validator-8.2.0.tgz",
      "integrity": "sha512-Yw5wW34fSv5spzTXNkokD6S6/Oq92d8q/t14TqsS3fAiA1RYnxSFSIZ+CY3n6PGGRCq5HhJTSepQvFUS2QUDxA=="
    },
    "whatwg-fetch": {
      "version": "3.0.0",
      "resolved": "https://registry.npmjs.org/whatwg-fetch/-/whatwg-fetch-3.0.0.tgz",
      "integrity": "sha512-9GSJUgz1D4MfyKU7KRqwOjXCXTqWdFNvEr7eUBYchQiVc744mqK/MzXPNR2WsPkmkOa4ywfg8C2n8h+13Bey1Q=="
    },
    "z-schema": {
      "version": "3.18.4",
      "resolved": "https://registry.npmjs.org/z-schema/-/z-schema-3.18.4.tgz",
      "integrity": "sha512-DUOKC/IhbkdLKKiV89gw9DUauTV8U/8yJl1sjf6MtDmzevLKOF2duNJ495S3MFVjqZarr+qNGCPbkg4mu4PpLw==",
      "requires": {
        "commander": "2.19.0",
        "lodash.get": "4.4.2",
        "lodash.isequal": "4.5.0",
        "validator": "8.2.0"
      }
    }
  }
}
