{
  "name": "msgraph-helper",
  "version": "0.0.1",
  "lockfileVersion": 1,
  "requires": true,
  "dependencies": {
    "@microsoft/decorators": {
      "version": "1.6.0",
      "resolved": "https://registry.npmjs.org/@microsoft/decorators/-/decorators-1.6.0.tgz",
      "integrity": "sha512-7y2s26cCFDDwC4Ecy7nuIEQvakO4LJ2IGD5Ve8a6k0YhXVRZek4qDWYv9DMKAtUVs02ybB31VL8hQtw4Aao59w==",
      "requires": {
        "tslib": "1.8.1"
      }
    },
    "@microsoft/load-themed-styles": {
      "version": "1.7.28",
      "resolved": "https://registry.npmjs.org/@microsoft/load-themed-styles/-/load-themed-styles-1.7.28.tgz",
      "integrity": "sha1-FsZrbWASKuARx8nwJtOf1aqqvN8="
    },
    "@microsoft/microsoft-graph-client": {
      "version": "1.3.0",
      "resolved": "https://registry.npmjs.org/@microsoft/microsoft-graph-client/-/microsoft-graph-client-1.3.0.tgz",
      "integrity": "sha512-LUIZdr8LWKwUAJuV7GKSaexQBfXObqwe4EkQUVg9u9u3X0YZZnWROIE8/EsiuA7882fn73oROra6ilBuipMLiw==",
      "requires": {
        "es6-promise": "4.2.5",
        "isomorphic-fetch": "2.2.1"
      }
    },
    "@microsoft/sp-component-base": {
      "version": "1.6.0",
      "resolved": "https://registry.npmjs.org/@microsoft/sp-component-base/-/sp-component-base-1.6.0.tgz",
      "integrity": "sha512-f4FK408a0EZJ0aF3prbCcrVg+xsNFxBAE/6tpC9xpKVEX3bDiiVAMAETyeixXk4EOgBvJn2DsgToLoV7Ag2TOg==",
      "requires": {
        "@microsoft/decorators": "1.6.0",
        "@microsoft/sp-core-library": "1.6.0",
        "@microsoft/sp-diagnostics": "1.6.0",
        "@microsoft/sp-dynamic-data": "1.6.0",
        "@microsoft/sp-http": "1.6.0",
        "@microsoft/sp-loader": "1.6.0",
        "@microsoft/sp-lodash-subset": "1.6.0",
        "@microsoft/sp-module-interfaces": "1.6.0",
        "@microsoft/sp-page-context": "1.6.0",
        "@types/es6-promise": "0.0.33",
        "@types/webpack-env": "1.13.1"
      }
    },
    "@microsoft/sp-core-library": {
      "version": "1.6.0",
      "resolved": "https://registry.npmjs.org/@microsoft/sp-core-library/-/sp-core-library-1.6.0.tgz",
      "integrity": "sha512-7Ku96KJe0gXyO7nf8RmHExKya8XrOiQ0vHe6FIzzfCs2UskHTsd6a4OV7yexp81EfL3tC55eqW0m70FTEKrRCg==",
      "requires": {
        "@microsoft/sp-lodash-subset": "1.6.0",
        "@microsoft/sp-module-interfaces": "1.6.0",
        "@types/es6-promise": "0.0.33",
        "@types/webpack-env": "1.13.1"
      }
    },
    "@microsoft/sp-diagnostics": {
      "version": "1.6.0",
      "resolved": "https://registry.npmjs.org/@microsoft/sp-diagnostics/-/sp-diagnostics-1.6.0.tgz",
      "integrity": "sha512-rXWbMv0Ev7tLkkQPcepcXgapJUq7ik2MQXYaUmeLjDHAIpHH/CveDgJ3Eic+GaGb33ydZYAiuK4uqIgkRT36xA==",
      "requires": {
        "@microsoft/sp-core-library": "1.6.0",
        "@microsoft/sp-lodash-subset": "1.6.0"
      }
    },
    "@microsoft/sp-dynamic-data": {
      "version": "1.6.0",
      "resolved": "https://registry.npmjs.org/@microsoft/sp-dynamic-data/-/sp-dynamic-data-1.6.0.tgz",
      "integrity": "sha512-xdBmYv0yxL4ENBkFZ+gqyqvsyIYzpsa2r3AHDh4Hp+yDSb2Tq+wtkgUyPv5wqfh2TcNQ0Fo0DK2GqJvEZjqnWA==",
      "requires": {
        "@microsoft/sp-core-library": "1.6.0",
        "@types/webpack-env": "1.13.1",
        "tslib": "1.8.1"
      }
    },
    "@microsoft/sp-http": {
      "version": "1.6.0",
      "resolved": "https://registry.npmjs.org/@microsoft/sp-http/-/sp-http-1.6.0.tgz",
      "integrity": "sha512-2lS032km6tXqqc7l9KcqIqqCqmLnX3ddoVw6yXkhkJYWk60M6cmqG9pDUiEUy0/ccxIs3DLvIAVVaitbYdewLA==",
      "requires": {
        "@microsoft/microsoft-graph-client": "1.1.0",
        "@microsoft/sp-core-library": "1.6.0",
        "@microsoft/sp-diagnostics": "1.6.0",
        "adal-angular": "1.0.16",
        "tslib": "1.8.1"
      },
      "dependencies": {
        "@microsoft/microsoft-graph-client": {
          "version": "1.1.0",
          "resolved": "https://registry.npmjs.org/@microsoft/microsoft-graph-client/-/microsoft-graph-client-1.1.0.tgz",
          "integrity": "sha512-sDgchKZz1l3QJVNdkE1P1KpwTjupNt1mS9h1T0CiP+ayMN7IeFKfElB8IYtxFplNalZTmEq+iqoQFqUVpVMLfQ==",
          "requires": {
            "es6-promise": "4.2.5",
            "isomorphic-fetch": "2.2.1"
          }
        }
      }
    },
    "@microsoft/sp-loader": {
      "version": "1.6.0",
      "resolved": "https://registry.npmjs.org/@microsoft/sp-loader/-/sp-loader-1.6.0.tgz",
      "integrity": "sha512-+i6/80C8wB+b2CHVVgJAngpkWqACpiB81fYXpr5KO86b3cf/cJDBFQpUiPSv0tHNHs3zXV0pja6w7dbGJavsyA==",
      "requires": {
        "@microsoft/office-ui-fabric-react-bundle": "1.6.0",
        "@microsoft/sp-core-library": "1.6.0",
        "@microsoft/sp-diagnostics": "1.6.0",
        "@microsoft/sp-dynamic-data": "1.6.0",
        "@microsoft/sp-http": "1.6.0",
        "@microsoft/sp-lodash-subset": "1.6.0",
        "@microsoft/sp-module-interfaces": "1.6.0",
        "@microsoft/sp-odata-types": "1.6.0",
        "@microsoft/sp-page-context": "1.6.0",
        "@microsoft/sp-polyfills": "1.6.0",
        "@types/es6-promise": "0.0.33",
        "@types/node": "8.5.8",
        "@types/react": "15.6.16",
        "@types/react-dom": "15.5.6",
        "@types/requirejs": "2.1.29",
        "@types/webpack-env": "1.13.1",
        "@uifabric/utilities": "5.34.1",
        "office-ui-fabric-react": "5.120.0",
        "react": "15.6.2",
        "react-dom": "15.6.2",
        "requirejs": "2.1.20"
      },
      "dependencies": {
        "@microsoft/office-ui-fabric-react-bundle": {
          "version": "1.6.0",
          "resolved": "https://registry.npmjs.org/@microsoft/office-ui-fabric-react-bundle/-/office-ui-fabric-react-bundle-1.6.0.tgz",
          "integrity": "sha512-wfl/D+F7xELkT4nnJiwbVRRwolymRzC+/aadhaPQE79fLbnE4PwXxDYIV7+kn1fOF0wwIP+6+JextVVx+MC6RQ==",
          "requires": {
            "@types/react": "15.6.16",
            "@types/webpack-env": "1.13.1",
            "@uifabric/icons": "5.8.0",
            "office-ui-fabric-react": "5.120.0",
            "react": "15.6.2",
            "react-dom": "15.6.2",
            "tslib": "1.8.1"
          }
        },
        "@uifabric/utilities": {
          "version": "5.34.1",
          "resolved": "https://registry.npmjs.org/@uifabric/utilities/-/utilities-5.34.1.tgz",
          "integrity": "sha512-xUZ+KlCxmA9PCEOtutfeyYnPmySkEVA/ak3fb8Uj54684GlbrnlqrfNEencVG5YgQDcNEaztTwxW3I7jSCrYJQ==",
          "requires": {
            "@uifabric/merge-styles": "5.17.1",
            "prop-types": "15.6.2",
            "tslib": "1.8.1"
          }
        }
      }
    },
    "@microsoft/sp-lodash-subset": {
      "version": "1.6.0",
      "resolved": "https://registry.npmjs.org/@microsoft/sp-lodash-subset/-/sp-lodash-subset-1.6.0.tgz",
      "integrity": "sha512-3SJYqSLwF3Lv9UlRkXjswLuO/Tizgj4xay1IFD1OVmzXDufigKjSfkkyHrX5hpPaobvJy1PasDtnatDtEADZ3w==",
      "requires": {
        "@types/lodash": "4.14.74",
        "@types/webpack-env": "1.13.1",
        "tslib": "1.8.1"
      }
    },
    "@microsoft/sp-module-interfaces": {
      "version": "1.6.0",
      "resolved": "https://registry.npmjs.org/@microsoft/sp-module-interfaces/-/sp-module-interfaces-1.6.0.tgz",
      "integrity": "sha512-CUqVhYuPZ64HjI/RpwtxicHun6Yy/2T4OmmMkqDGNTCu2mTN4iqRO85ps7rM9eN7LHzUHd1SYQdjnJD8/W2Hjg==",
      "requires": {
        "@types/node": "8.5.8",
        "@types/z-schema": "3.16.31",
        "z-schema": "3.18.4"
      }
    },
    "@microsoft/sp-odata-types": {
      "version": "1.6.0",
      "resolved": "https://registry.npmjs.org/@microsoft/sp-odata-types/-/sp-odata-types-1.6.0.tgz",
      "integrity": "sha512-O/0i22rwG73J/NVtlnaILNnE0Qnij/ArcMU7EPgVBbC7a/R1cnkCTk6FZFfnEE5NjWdMD75CIY63QIoLuO16Xw==",
      "requires": {
        "tslib": "1.8.1"
      }
    },
    "@microsoft/sp-page-context": {
      "version": "1.6.0",
      "resolved": "https://registry.npmjs.org/@microsoft/sp-page-context/-/sp-page-context-1.6.0.tgz",
      "integrity": "sha512-QjU8d668nyPP2CNAA6VkJ0K1QgrHtxo+PSEiIBw88kcTk5br9D1Bq0lv/TPmSVC1W7N2sZsslDqor06XaxAUqg==",
      "requires": {
        "@microsoft/sp-core-library": "1.6.0",
        "@microsoft/sp-diagnostics": "1.6.0",
        "@microsoft/sp-dynamic-data": "1.6.0",
        "@microsoft/sp-lodash-subset": "1.6.0",
        "@microsoft/sp-odata-types": "1.6.0",
        "@microsoft/teams-js": "1.3.0-beta.4",
        "@types/es6-promise": "0.0.33",
        "@types/webpack-env": "1.13.1",
        "tslib": "1.8.1"
      }
    },
    "@microsoft/sp-polyfills": {
      "version": "1.6.0",
      "resolved": "https://registry.npmjs.org/@microsoft/sp-polyfills/-/sp-polyfills-1.6.0.tgz",
      "integrity": "sha512-OI1QHm6mqH9rafzopl9nmRW3/qZ3+l0vlloOheosDmfp2EYfQ8YeS1pKUrxxxDph0sh8RotpwlARlkZ1UuuoJw==",
      "requires": {
        "@types/webpack-env": "1.13.1",
        "es6-collections": "0.5.6",
        "es6-promise": "4.1.1",
        "tslib": "1.8.1",
        "whatwg-fetch": "2.0.3",
        "whatwg-url": "4.7.1"
      },
      "dependencies": {
        "es6-promise": {
          "version": "4.1.1",
          "resolved": "https://registry.npmjs.org/es6-promise/-/es6-promise-4.1.1.tgz",
          "integrity": "sha512-OaU1hHjgJf+b0NzsxCg7NdIYERD6Hy/PEmFLTjw+b65scuisG3Kt4QoTvJ66BBkPZ581gr0kpoVzKnxniM8nng=="
        },
        "whatwg-fetch": {
          "version": "2.0.3",
          "resolved": "https://registry.npmjs.org/whatwg-fetch/-/whatwg-fetch-2.0.3.tgz",
          "integrity": "sha1-nITsLc9oGH/wC8ZOEnS0QhduHIQ="
        }
      }
    },
    "@microsoft/sp-webpart-base": {
      "version": "1.6.0",
      "resolved": "https://registry.npmjs.org/@microsoft/sp-webpart-base/-/sp-webpart-base-1.6.0.tgz",
      "integrity": "sha512-LCTDTTPaqWA6BekI3B3MeoWqL0pIFxH6fJO0z2K+jv83llsHpAn2qUT0UYBDMUygh1sHcJWddLkMJtymLqOf6g==",
      "requires": {
        "@microsoft/decorators": "1.6.0",
        "@microsoft/load-themed-styles": "1.7.77",
        "@microsoft/office-ui-fabric-react-bundle": "1.6.0",
        "@microsoft/sp-component-base": "1.6.0",
        "@microsoft/sp-core-library": "1.6.0",
        "@microsoft/sp-diagnostics": "1.6.0",
        "@microsoft/sp-dynamic-data": "1.6.0",
        "@microsoft/sp-http": "1.6.0",
        "@microsoft/sp-loader": "1.6.0",
        "@microsoft/sp-lodash-subset": "1.6.0",
        "@microsoft/sp-module-interfaces": "1.6.0",
        "@microsoft/sp-page-context": "1.6.0",
        "@types/es6-promise": "0.0.33",
        "@types/react": "15.6.16",
        "@types/react-dom": "15.5.6",
        "@types/webpack-env": "1.13.1",
        "office-ui-fabric": "2.6.1",
        "office-ui-fabric-react": "5.120.0",
        "react": "15.6.2",
        "react-dom": "15.6.2",
        "tslib": "1.8.1"
      },
      "dependencies": {
        "@microsoft/load-themed-styles": {
          "version": "1.7.77",
          "resolved": "https://registry.npmjs.org/@microsoft/load-themed-styles/-/load-themed-styles-1.7.77.tgz",
          "integrity": "sha512-RTvdgwer9dbQG8sgTR8pFHIJZdh22+3rq3cZd1h11pH0m1Yu/iLnCJqDmjP28NPOXo4/AlWiG8XeVNSAW/54og=="
        },
        "@microsoft/office-ui-fabric-react-bundle": {
          "version": "1.6.0",
          "resolved": "https://registry.npmjs.org/@microsoft/office-ui-fabric-react-bundle/-/office-ui-fabric-react-bundle-1.6.0.tgz",
          "integrity": "sha512-wfl/D+F7xELkT4nnJiwbVRRwolymRzC+/aadhaPQE79fLbnE4PwXxDYIV7+kn1fOF0wwIP+6+JextVVx+MC6RQ==",
          "requires": {
            "@types/react": "15.6.16",
            "@types/webpack-env": "1.13.1",
            "@uifabric/icons": "5.8.0",
            "office-ui-fabric-react": "5.120.0",
            "react": "15.6.2",
            "react-dom": "15.6.2",
            "tslib": "1.8.1"
          }
        }
      }
    },
    "@microsoft/teams-js": {
      "version": "1.3.0-beta.4",
      "resolved": "https://registry.npmjs.org/@microsoft/teams-js/-/teams-js-1.3.0-beta.4.tgz",
      "integrity": "sha512-AxDfMpiVqh3hsqTxMEYtQoz866WB/sw/Jl0pgTLh6sMHHmIBNMd+E0pVcP9WNk8zTkr9LCphJ5SziU1C8BgZMA=="
    },
    "@types/es6-promise": {
      "version": "0.0.33",
      "resolved": "https://registry.npmjs.org/@types/es6-promise/-/es6-promise-0.0.33.tgz",
      "integrity": "sha512-HKJFVLCGrWQ/1unEw8JdaTxu6n3EUxmwTxJ6D0O1x0gD8joCsgoTWxEgevb7fp2XIogNjof3KEd+3bJoGne/nw=="
    },
    "@types/lodash": {
      "version": "4.14.74",
      "resolved": "https://registry.npmjs.org/@types/lodash/-/lodash-4.14.74.tgz",
      "integrity": "sha512-BZknw3E/z3JmCLqQVANcR17okqVTPZdlxvcIz0fJiJVLUCbSH1hK3zs9r634PVSmrzAxN+n/fxlVRiYoArdOIQ=="
    },
    "@types/microsoft-ajax": {
      "version": "0.0.33",
      "resolved": "https://registry.npmjs.org/@types/microsoft-ajax/-/microsoft-ajax-0.0.33.tgz",
      "integrity": "sha512-R31YIw2FUZsx62yzH1LX9+SV0xCxRn+r6FpYhaEKHAms+3zozMYZZvsJO+I3za+wlE/z03PrePGgCO1rxv7dUg==",
      "dev": true
    },
    "@types/node": {
      "version": "8.5.8",
      "resolved": "https://registry.npmjs.org/@types/node/-/node-8.5.8.tgz",
      "integrity": "sha512-8KmlRxwbKZfjUHFIt3q8TF5S2B+/E5BaAoo/3mgc5h6FJzqxXkCK/VMetO+IRDtwtU6HUvovHMBn+XRj7SV9Qg=="
    },
    "@types/react": {
      "version": "15.6.16",
      "resolved": "https://registry.npmjs.org/@types/react/-/react-15.6.16.tgz",
      "integrity": "sha512-n7IURZxVCYzjkGqjoY6M1rJoGDKLDQXi8T3vlBGLo05eydMvy805i3YO6+Mo4HT9+ap/od4MDtn51yZiZg/CTA=="
    },
    "@types/react-dom": {
      "version": "15.5.6",
      "resolved": "https://registry.npmjs.org/@types/react-dom/-/react-dom-15.5.6.tgz",
      "integrity": "sha512-dP4vEDEH4rL+uUl6f//c6mjepTVdJ6Ldx3z0dZbw047T5Z+o2PZDW/Qd+I4PkTmIgk7YNAZC/TFnm3IHT5UAhw==",
      "requires": {
        "@types/react": "15.6.16"
      }
    },
    "@types/requirejs": {
      "version": "2.1.29",
      "resolved": "https://registry.npmjs.org/@types/requirejs/-/requirejs-2.1.29.tgz",
      "integrity": "sha1-vEi8gzwHnCwkumr7ym06A7P04vM="
    },
    "@types/sharepoint": {
      "version": "2016.1.2",
      "resolved": "https://registry.npmjs.org/@types/sharepoint/-/sharepoint-2016.1.2.tgz",
      "integrity": "sha512-bGpRxTZ5Cu7f4iYtmqADY2Z8i3OmPlct0wzx/EMPJ2E0m8xfA+XkFiXrjbC3hZQQn7N1aA7a7llnJl+zOc9qwQ==",
      "dev": true,
      "requires": {
        "@types/microsoft-ajax": "0.0.33"
      }
    },
    "@types/webpack-env": {
      "version": "1.13.1",
      "resolved": "https://registry.npmjs.org/@types/webpack-env/-/webpack-env-1.13.1.tgz",
      "integrity": "sha512-oHyg0NssP2RCpCvE35hhbSqMJRsc5lSW+GFe+Vc65JL+kHII1VMYM+0KeV/z4utFuUqPoQRmq8KMMp7ba0dj6Q=="
    },
    "@types/z-schema": {
      "version": "3.16.31",
      "resolved": "https://registry.npmjs.org/@types/z-schema/-/z-schema-3.16.31.tgz",
      "integrity": "sha1-LrHQCl5Ow/pYx2r94S4YK2bcXBw="
    },
    "@uifabric/icons": {
      "version": "5.8.0",
      "resolved": "https://registry.npmjs.org/@uifabric/icons/-/icons-5.8.0.tgz",
      "integrity": "sha512-EUhKxYlIPJshg4fQvCNTYSk0p7RhzEWeEAJBV4sao1SKmN0/pZBnkLbDqWjU5VUfdwZZYiIdaLRpM+pyzhniZw==",
      "requires": {
        "@uifabric/styling": "5.36.0",
        "tslib": "1.8.1"
      }
    },
    "@uifabric/merge-styles": {
      "version": "5.17.1",
      "resolved": "https://registry.npmjs.org/@uifabric/merge-styles/-/merge-styles-5.17.1.tgz",
      "integrity": "sha512-4/EtO6Ns7kNtKxC+6InShwVQeNQEDT5H8Ex7m/i4OrT9i7csje4YwBQPkkpm31qJwEZEyD7bbAwyLezI63sLhg==",
      "requires": {
        "tslib": "1.8.1"
      }
    },
    "@uifabric/styling": {
      "version": "5.36.0",
      "resolved": "https://registry.npmjs.org/@uifabric/styling/-/styling-5.36.0.tgz",
      "integrity": "sha512-fYms7quLtsBFfQnO+NTrDA6luBs6AJnxVTRIW1AukpivuOKss+CyB68iWTDepFVOkWatgMTngkq8DLsfA6VnGQ==",
      "requires": {
        "@microsoft/load-themed-styles": "1.7.28",
        "@uifabric/merge-styles": "5.17.1",
        "@uifabric/utilities": "5.34.2",
        "tslib": "1.8.1"
      }
    },
    "@uifabric/utilities": {
      "version": "5.34.2",
      "resolved": "https://registry.npmjs.org/@uifabric/utilities/-/utilities-5.34.2.tgz",
      "integrity": "sha512-7LDHamnrKpY49S49Nzu1YMTuBtZIgTsQd9AuWTvXlUevD67ZyjSRnhCKlKVZHwe/Vi0jWLIodbup4p5IyRGWoQ==",
      "requires": {
        "@uifabric/merge-styles": "5.17.1",
        "prop-types": "15.6.2",
        "tslib": "1.8.1"
      }
    },
    "adal-angular": {
      "version": "1.0.16",
      "resolved": "https://registry.npmjs.org/adal-angular/-/adal-angular-1.0.16.tgz",
      "integrity": "sha1-4rwxvHEqr/ugU6pN1GvITrXSCQ8="
    },
    "asap": {
      "version": "2.0.6",
      "resolved": "https://registry.npmjs.org/asap/-/asap-2.0.6.tgz",
      "integrity": "sha1-5QNHYR1+aQlDIIu9r+vLwvuGbUY="
    },
    "commander": {
      "version": "2.19.0",
      "resolved": "https://registry.npmjs.org/commander/-/commander-2.19.0.tgz",
      "integrity": "sha512-6tvAOO+D6OENvRAh524Dh9jcfKTYDQAqvqezbCW82xj5X0pSrcpxtvRKHLG0yBY6SD7PSDrJaj+0AiOcKVd1Xg==",
      "optional": true
    },
    "core-js": {
      "version": "1.2.7",
      "resolved": "https://registry.npmjs.org/core-js/-/core-js-1.2.7.tgz",
      "integrity": "sha1-ZSKUwUZR2yj6k70tX/KYOk8IxjY="
    },
    "create-react-class": {
      "version": "15.6.3",
      "resolved": "https://registry.npmjs.org/create-react-class/-/create-react-class-15.6.3.tgz",
      "integrity": "sha512-M+/3Q6E6DLO6Yx3OwrWjwHBnvfXXYA7W+dFjt/ZDBemHO1DDZhsalX/NUtnTYclN6GfnBDRh4qRHjcDHmlJBJg==",
      "requires": {
        "fbjs": "0.8.17",
        "loose-envify": "1.4.0",
        "object-assign": "4.1.1"
      }
    },
    "encoding": {
      "version": "0.1.12",
      "resolved": "https://registry.npmjs.org/encoding/-/encoding-0.1.12.tgz",
      "integrity": "sha1-U4tm8+5izRq1HsMjgp0flIDHS+s=",
      "requires": {
        "iconv-lite": "0.4.24"
      }
    },
    "es6-collections": {
      "version": "0.5.6",
      "resolved": "https://registry.npmjs.org/es6-collections/-/es6-collections-0.5.6.tgz",
      "integrity": "sha1-VVLoAK0SwYIM2ivUp5rn27A9iaI="
    },
    "es6-promise": {
      "version": "4.2.5",
      "resolved": "https://registry.npmjs.org/es6-promise/-/es6-promise-4.2.5.tgz",
      "integrity": "sha512-n6wvpdE43VFtJq+lUDYDBFUwV8TZbuGXLV4D6wKafg13ldznKsyEvatubnmUe31zcvelSzOHF+XbaT+Bl9ObDg=="
    },
    "fbjs": {
      "version": "0.8.17",
      "resolved": "https://registry.npmjs.org/fbjs/-/fbjs-0.8.17.tgz",
      "integrity": "sha1-xNWY6taUkRJlPWWIsBpc3Nn5D90=",
      "requires": {
        "core-js": "1.2.7",
        "isomorphic-fetch": "2.2.1",
        "loose-envify": "1.4.0",
        "object-assign": "4.1.1",
        "promise": "7.3.1",
        "setimmediate": "1.0.5",
        "ua-parser-js": "0.7.18"
      }
    },
    "iconv-lite": {
      "version": "0.4.24",
      "resolved": "https://registry.npmjs.org/iconv-lite/-/iconv-lite-0.4.24.tgz",
      "integrity": "sha512-v3MXnZAcvnywkTUEZomIActle7RXXeedOR31wwl7VlyoXO4Qi9arvSenNQWne1TcRwhCL1HwLI21bEqdpj8/rA==",
      "requires": {
        "safer-buffer": "2.1.2"
      }
    },
    "is-stream": {
      "version": "1.1.0",
      "resolved": "https://registry.npmjs.org/is-stream/-/is-stream-1.1.0.tgz",
      "integrity": "sha1-EtSj3U5o4Lec6428hBc66A2RykQ="
    },
    "isomorphic-fetch": {
      "version": "2.2.1",
      "resolved": "https://registry.npmjs.org/isomorphic-fetch/-/isomorphic-fetch-2.2.1.tgz",
      "integrity": "sha1-YRrhrPFPXoH3KVB0coGf6XM1WKk=",
      "requires": {
        "node-fetch": "1.7.3",
        "whatwg-fetch": "3.0.0"
      }
    },
    "js-tokens": {
      "version": "4.0.0",
      "resolved": "https://registry.npmjs.org/js-tokens/-/js-tokens-4.0.0.tgz",
      "integrity": "sha512-RdJUflcE3cUzKiMqQgsCu06FPu9UdIJO0beYbPhHN4k6apgJtifcoCtT9bcxOpYBtpD2kCM6Sbzg4CausW/PKQ=="
    },
    "lodash.get": {
      "version": "4.4.2",
      "resolved": "https://registry.npmjs.org/lodash.get/-/lodash.get-4.4.2.tgz",
      "integrity": "sha1-LRd/ZS+jHpObRDjVNBSZ36OCXpk="
    },
    "lodash.isequal": {
      "version": "4.5.0",
      "resolved": "https://registry.npmjs.org/lodash.isequal/-/lodash.isequal-4.5.0.tgz",
      "integrity": "sha1-QVxEePK8wwEgwizhDtMib30+GOA="
    },
    "loose-envify": {
      "version": "1.4.0",
      "resolved": "https://registry.npmjs.org/loose-envify/-/loose-envify-1.4.0.tgz",
      "integrity": "sha512-lyuxPGr/Wfhrlem2CL/UcnUc1zcqKAImBDzukY7Y5F/yQiNdko6+fRLevlw1HgMySw7f611UIY408EtxRSoK3Q==",
      "requires": {
        "js-tokens": "4.0.0"
      }
    },
    "node-fetch": {
      "version": "1.7.3",
      "resolved": "https://registry.npmjs.org/node-fetch/-/node-fetch-1.7.3.tgz",
      "integrity": "sha512-NhZ4CsKx7cYm2vSrBAr2PvFOe6sWDf0UYLRqA6svUYg7+/TSfVAu49jYC4BvQ4Sms9SZgdqGBgroqfDhJdTyKQ==",
      "requires": {
        "encoding": "0.1.12",
        "is-stream": "1.1.0"
      }
    },
    "object-assign": {
      "version": "4.1.1",
      "resolved": "https://registry.npmjs.org/object-assign/-/object-assign-4.1.1.tgz",
      "integrity": "sha1-IQmtx5ZYh8/AXLvUQsrIv7s2CGM="
    },
    "office-ui-fabric": {
      "version": "2.6.1",
      "resolved": "https://registry.npmjs.org/office-ui-fabric/-/office-ui-fabric-2.6.1.tgz",
      "integrity": "sha1-4qyf8+T8eI2mYReN6/CUA2sKLiY="
    },
    "office-ui-fabric-react": {
      "version": "5.120.0",
      "resolved": "https://registry.npmjs.org/office-ui-fabric-react/-/office-ui-fabric-react-5.120.0.tgz",
      "integrity": "sha512-WUyEExfSROSn5XIQudmVpo8cXV2h7RVvGDZTFIbWAEwh2gyxQjHegzoGDLeoTWy0ulD6+RM3vonrQNE5c629AQ==",
      "requires": {
        "@microsoft/load-themed-styles": "1.7.28",
        "@uifabric/icons": "5.8.0",
        "@uifabric/merge-styles": "5.17.1",
        "@uifabric/styling": "5.36.0",
        "@uifabric/utilities": "5.34.2",
        "prop-types": "15.6.2",
        "tslib": "1.8.1"
      }
    },
    "promise": {
      "version": "7.3.1",
      "resolved": "https://registry.npmjs.org/promise/-/promise-7.3.1.tgz",
      "integrity": "sha512-nolQXZ/4L+bP/UGlkfaIujX9BKxGwmQ9OT4mOt5yvy8iK1h3wqTEJCijzGANTCCl9nWjY41juyAn2K3Q1hLLTg==",
      "requires": {
        "asap": "2.0.6"
      }
    },
    "prop-types": {
      "version": "15.6.2",
      "resolved": "https://registry.npmjs.org/prop-types/-/prop-types-15.6.2.tgz",
      "integrity": "sha512-3pboPvLiWD7dkI3qf3KbUe6hKFKa52w+AE0VCqECtf+QHAKgOL37tTaNCnuX1nAAQ4ZhyP+kYVKf8rLmJ/feDQ==",
      "requires": {
        "loose-envify": "1.4.0",
        "object-assign": "4.1.1"
      }
    },
    "react": {
      "version": "15.6.2",
      "resolved": "https://registry.npmjs.org/react/-/react-15.6.2.tgz",
      "integrity": "sha1-26BDSrQ5z+gvEI8PURZjkIF5qnI=",
      "requires": {
        "create-react-class": "15.6.3",
        "fbjs": "0.8.17",
        "loose-envify": "1.4.0",
        "object-assign": "4.1.1",
        "prop-types": "15.6.2"
      }
    },
    "react-dom": {
      "version": "15.6.2",
      "resolved": "https://registry.npmjs.org/react-dom/-/react-dom-15.6.2.tgz",
      "integrity": "sha1-Qc+t9pO3V/rycIRDodH9WgK+9zA=",
      "requires": {
        "fbjs": "0.8.17",
        "loose-envify": "1.4.0",
        "object-assign": "4.1.1",
        "prop-types": "15.6.2"
      }
    },
    "requirejs": {
      "version": "2.1.20",
      "resolved": "https://registry.npmjs.org/requirejs/-/requirejs-2.1.20.tgz",
      "integrity": "sha1-EUgiyRfsh5NFCy2qoeubvxEB6TE="
    },
    "safer-buffer": {
      "version": "2.1.2",
      "resolved": "https://registry.npmjs.org/safer-buffer/-/safer-buffer-2.1.2.tgz",
      "integrity": "sha512-YZo3K82SD7Riyi0E1EQPojLz7kpepnSQI9IyPbHHg1XXXevb5dJI7tpyN2ADxGcQbHG7vcyRHk0cbwqcQriUtg=="
    },
    "setimmediate": {
      "version": "1.0.5",
      "resolved": "https://registry.npmjs.org/setimmediate/-/setimmediate-1.0.5.tgz",
      "integrity": "sha1-KQy7Iy4waULX1+qbg3Mqt4VvgoU="
    },
    "tr46": {
      "version": "0.0.3",
      "resolved": "https://registry.npmjs.org/tr46/-/tr46-0.0.3.tgz",
      "integrity": "sha1-gYT9NH2snNwYWZLzpmIuFLnZq2o="
    },
    "tslib": {
      "version": "1.8.1",
      "resolved": "https://registry.npmjs.org/tslib/-/tslib-1.8.1.tgz",
      "integrity": "sha1-aUavLR1lGnsYY7Ux1uWvpBqkTqw="
    },
    "ua-parser-js": {
      "version": "0.7.18",
      "resolved": "https://registry.npmjs.org/ua-parser-js/-/ua-parser-js-0.7.18.tgz",
      "integrity": "sha512-LtzwHlVHwFGTptfNSgezHp7WUlwiqb0gA9AALRbKaERfxwJoiX0A73QbTToxteIAuIaFshhgIZfqK8s7clqgnA=="
    },
    "validator": {
      "version": "8.2.0",
      "resolved": "https://registry.npmjs.org/validator/-/validator-8.2.0.tgz",
      "integrity": "sha512-Yw5wW34fSv5spzTXNkokD6S6/Oq92d8q/t14TqsS3fAiA1RYnxSFSIZ+CY3n6PGGRCq5HhJTSepQvFUS2QUDxA=="
    },
    "webidl-conversions": {
      "version": "3.0.1",
      "resolved": "https://registry.npmjs.org/webidl-conversions/-/webidl-conversions-3.0.1.tgz",
      "integrity": "sha1-JFNCdeKnvGvnvIZhHMFq4KVlSHE="
    },
    "whatwg-fetch": {
      "version": "3.0.0",
      "resolved": "https://registry.npmjs.org/whatwg-fetch/-/whatwg-fetch-3.0.0.tgz",
      "integrity": "sha512-9GSJUgz1D4MfyKU7KRqwOjXCXTqWdFNvEr7eUBYchQiVc744mqK/MzXPNR2WsPkmkOa4ywfg8C2n8h+13Bey1Q=="
    },
    "whatwg-url": {
      "version": "4.7.1",
      "resolved": "https://registry.npmjs.org/whatwg-url/-/whatwg-url-4.7.1.tgz",
      "integrity": "sha1-303C4/JaY7H6WzLtbWwTlXfWkN4=",
      "requires": {
        "tr46": "0.0.3",
        "webidl-conversions": "3.0.1"
      }
    },
    "z-schema": {
      "version": "3.18.4",
      "resolved": "https://registry.npmjs.org/z-schema/-/z-schema-3.18.4.tgz",
      "integrity": "sha512-DUOKC/IhbkdLKKiV89gw9DUauTV8U/8yJl1sjf6MtDmzevLKOF2duNJ495S3MFVjqZarr+qNGCPbkg4mu4PpLw==",
      "requires": {
        "commander": "2.19.0",
        "lodash.get": "4.4.2",
        "lodash.isequal": "4.5.0",
        "validator": "8.2.0"
      }
    }
  }
}
